
Microsoft Visual Studio Solution File, Format Version 12.00
Project("{FAE04EC0-301F-11D3-BF4B-00C04F79EFBC}") = "apbd-cw3-s33296", "apbd-cw3-s33296\apbd-cw3-s33296.csproj", "{D47C4561-DF67-4EE1-B98E-6325788E0FE6}"
EndProject
Global
	GlobalSection(SolutionConfigurationPlatforms) = preSolution
		Debug|Any CPU = Debug|Any CPU
		Release|Any CPU = Release|Any CPU
	EndGlobalSection
	GlobalSection(ProjectConfigurationPlatforms) = postSolution
		{D47C4561-DF67-4EE1-B98E-6325788E0FE6}.Debug|Any CPU.ActiveCfg = Debug|Any CPU
		{D47C4561-DF67-4EE1-B98E-6325788E0FE6}.Debug|Any CPU.Build.0 = Debug|Any CPU
		{D47C4561-DF67-4EE1-B98E-6325788E0FE6}.Release|Any CPU.ActiveCfg = Release|Any CPU
		{D47C4561-DF67-4EE1-B98E-6325788E0FE6}.Release|Any CPU.Build.0 = Release|Any CPU
	EndGlobalSection
EndGlobal
